
Microsoft Visual Studio Solution File, Format Version 12.00
# Visual Studio 15
VisualStudioVersion = 15.0.28010.2003
MinimumVisualStudioVersion = 10.0.40219.1
Project("{FAE04EC0-301F-11D3-BF4B-00C04F79EFBC}") = "CrackerServer", "CrackerServer\CrackerServer.csproj", "{97148926-A0B2-4E43-8285-AC8F2F8BED17}"
EndProject
Global
	GlobalSection(SolutionConfigurationPlatforms) = preSolution
		Debug|Any CPU = Debug|Any CPU
		Release|Any CPU = Release|Any CPU
	EndGlobalSection
	GlobalSection(ProjectConfigurationPlatforms) = postSolution
		{97148926-A0B2-4E43-8285-AC8F2F8BED17}.Debug|Any CPU.ActiveCfg = Debug|Any CPU
		{97148926-A0B2-4E43-8285-AC8F2F8BED17}.Debug|Any CPU.Build.0 = Debug|Any CPU
		{97148926-A0B2-4E43-8285-AC8F2F8BED17}.Release|Any CPU.ActiveCfg = Release|Any CPU
		{97148926-A0B2-4E43-8285-AC8F2F8BED17}.Release|Any CPU.Build.0 = Release|Any CPU
	EndGlobalSection
	GlobalSection(SolutionProperties) = preSolution
		HideSolutionNode = FALSE
	EndGlobalSection
	GlobalSection(ExtensibilityGlobals) = postSolution
		SolutionGuid = {DDBE96B5-7A50-49DE-879D-DEA3DD81696B}
	EndGlobalSection
EndGlobal
