
Microsoft Visual Studio Solution File, Format Version 12.00
# Visual Studio 15
VisualStudioVersion = 15.0.28010.2003
MinimumVisualStudioVersion = 10.0.40219.1
Project("{FAE04EC0-301F-11D3-BF4B-00C04F79EFBC}") = "CrackerClient", "CrackerClient\CrackerClient.csproj", "{4D0A7E25-9283-4204-A97E-65B12A78BEE0}"
EndProject
Global
	GlobalSection(SolutionConfigurationPlatforms) = preSolution
		Debug|Any CPU = Debug|Any CPU
		Release|Any CPU = Release|Any CPU
	EndGlobalSection
	GlobalSection(ProjectConfigurationPlatforms) = postSolution
		{4D0A7E25-9283-4204-A97E-65B12A78BEE0}.Debug|Any CPU.ActiveCfg = Debug|Any CPU
		{4D0A7E25-9283-4204-A97E-65B12A78BEE0}.Debug|Any CPU.Build.0 = Debug|Any CPU
		{4D0A7E25-9283-4204-A97E-65B12A78BEE0}.Release|Any CPU.ActiveCfg = Release|Any CPU
		{4D0A7E25-9283-4204-A97E-65B12A78BEE0}.Release|Any CPU.Build.0 = Release|Any CPU
	EndGlobalSection
	GlobalSection(SolutionProperties) = preSolution
		HideSolutionNode = FALSE
	EndGlobalSection
	GlobalSection(ExtensibilityGlobals) = postSolution
		SolutionGuid = {1903D38B-A549-45FE-ADD9-8C941916F9E8}
	EndGlobalSection
EndGlobal
